<Solution>
  <Project Path="PassGenerator/PassGenerator.csproj">
    <BuildDependency Project="PasswordGenerator/PasswordGenerator.csproj" />
    <BuildDependency Project="UpdateTemplates/UpdateTemplates.csproj" />
  </Project>
  <Project Path="PasswordGenerator/PasswordGenerator.csproj">
    <BuildDependency Project="UpdateTemplates/UpdateTemplates.csproj" />
  </Project>
  <Project Path="UpdateTemplates/UpdateTemplates.csproj" Id="77f67664-9f50-41cc-9749-fd06d99a1b83" />
</Solution>
